
Microsoft Visual Studio Solution File, Format Version 12.00
# Visual Studio 15
VisualStudioVersion = 15.0.26730.3
MinimumVisualStudioVersion = 10.0.40219.1
Project("{FAE04EC0-301F-11D3-BF4B-00C04F79EFBC}") = "HelloWorld", "HelloWorld\HelloWorld.csproj", "{E828133E-8502-4183-8570-F5C7FFDD9FDC}"
EndProject
Global
	GlobalSection(SolutionConfigurationPlatforms) = preSolution
		Debug|Any CPU = Debug|Any CPU
		Release|Any CPU = Release|Any CPU
	EndGlobalSection
	GlobalSection(ProjectConfigurationPlatforms) = postSolution
		{E828133E-8502-4183-8570-F5C7FFDD9FDC}.Debug|Any CPU.ActiveCfg = Debug|Any CPU
		{E828133E-8502-4183-8570-F5C7FFDD9FDC}.Debug|Any CPU.Build.0 = Debug|Any CPU
		{E828133E-8502-4183-8570-F5C7FFDD9FDC}.Release|Any CPU.ActiveCfg = Release|Any CPU
		{E828133E-8502-4183-8570-F5C7FFDD9FDC}.Release|Any CPU.Build.0 = Release|Any CPU
	EndGlobalSection
	GlobalSection(SolutionProperties) = preSolution
		HideSolutionNode = FALSE
	EndGlobalSection
	GlobalSection(ExtensibilityGlobals) = postSolution
		SolutionGuid = {030A6E00-F8C7-4080-97AB-6AF783DC6FB9}
	EndGlobalSection
EndGlobal
